// !$*UTF8*$!
{
	archiveVersion = 1;
	classes = {
	};
	objectVersion = 56;
	objects = {

/* Begin PBXBuildFile section */
		4F3912C32AE93C4B00147925 /* MediaController.swift in Sources */ = {isa = PBXBuildFile; fileRef = 4F3912C22AE93C4B00147925 /* MediaController.swift */; };
		4F3912C52AE93C7800147925 /* MediaPresenter.swift in Sources */ = {isa = PBXBuildFile; fileRef = 4F3912C42AE93C7800147925 /* MediaPresenter.swift */; };
		4F3912C92AE96A7700147925 /* HexColor.swift in Sources */ = {isa = PBXBuildFile; fileRef = 4F3912C82AE96A7700147925 /* HexColor.swift */; };
		4F3912CD2AE9705100147925 /* Gilroy-UltraLight.ttf in Resources */ = {isa = PBXBuildFile; fileRef = 4F3912CC2AE9705100147925 /* Gilroy-UltraLight.ttf */; };
		4F3912D62AE9706000147925 /* Gilroy-Light.ttf in Resources */ = {isa = PBXBuildFile; fileRef = 4F3912CE2AE9706000147925 /* Gilroy-Light.ttf */; };
		4F3912D72AE9706000147925 /* Gilroy-Medium.ttf in Resources */ = {isa = PBXBuildFile; fileRef = 4F3912CF2AE9706000147925 /* Gilroy-Medium.ttf */; };
		4F3912D82AE9706000147925 /* Gilroy-Heavy.ttf in Resources */ = {isa = PBXBuildFile; fileRef = 4F3912D02AE9706000147925 /* Gilroy-Heavy.ttf */; };
		4F3912D92AE9706000147925 /* Gilroy-SemiBold.ttf in Resources */ = {isa = PBXBuildFile; fileRef = 4F3912D12AE9706000147925 /* Gilroy-SemiBold.ttf */; };
		4F3912DA2AE9706000147925 /* Gilroy-Thin.ttf in Resources */ = {isa = PBXBuildFile; fileRef = 4F3912D22AE9706000147925 /* Gilroy-Thin.ttf */; };
		4F3912DB2AE9706000147925 /* Gilroy-ExtraBold.ttf in Resources */ = {isa = PBXBuildFile; fileRef = 4F3912D32AE9706000147925 /* Gilroy-ExtraBold.ttf */; };
		4F3912DC2AE9706000147925 /* Gilroy-Bold.ttf in Resources */ = {isa = PBXBuildFile; fileRef = 4F3912D42AE9706000147925 /* Gilroy-Bold.ttf */; };
		4F3912DD2AE9706000147925 /* Gilroy-Regular.ttf in Resources */ = {isa = PBXBuildFile; fileRef = 4F3912D52AE9706000147925 /* Gilroy-Regular.ttf */; };
		4F3912E12AE9760600147925 /* RswiftLibrary in Frameworks */ = {isa = PBXBuildFile; productRef = 4F3912E02AE9760600147925 /* RswiftLibrary */; };
		4F3912E82AE9766A00147925 /* Localizable.strings in Resources */ = {isa = PBXBuildFile; fileRef = 4F3912E72AE9766A00147925 /* Localizable.strings */; };
		4F85F3D22AE80ADB009A2B46 /* CollectionView.swift in Sources */ = {isa = PBXBuildFile; fileRef = 4F85F3D12AE80ADB009A2B46 /* CollectionView.swift */; };
		4F85F3D52AE810D1009A2B46 /* MainController.swift in Sources */ = {isa = PBXBuildFile; fileRef = 4F85F3D42AE810D1009A2B46 /* MainController.swift */; };
		4F85F3D72AE810FA009A2B46 /* MainPresenter.swift in Sources */ = {isa = PBXBuildFile; fileRef = 4F85F3D62AE810FA009A2B46 /* MainPresenter.swift */; };
		4F85F3DA2AE813D0009A2B46 /* UserDefaultsManager.swift in Sources */ = {isa = PBXBuildFile; fileRef = 4F85F3D92AE813D0009A2B46 /* UserDefaultsManager.swift */; };
		4F85F3DC2AE8142D009A2B46 /* UserDefaultsKeys.swift in Sources */ = {isa = PBXBuildFile; fileRef = 4F85F3DB2AE8142D009A2B46 /* UserDefaultsKeys.swift */; };
		4FD757192AE6E2AF00EF48E1 /* AppDelegate.swift in Sources */ = {isa = PBXBuildFile; fileRef = 4FD757182AE6E2AF00EF48E1 /* AppDelegate.swift */; };
		4FD7571B2AE6E2AF00EF48E1 /* SceneDelegate.swift in Sources */ = {isa = PBXBuildFile; fileRef = 4FD7571A2AE6E2AF00EF48E1 /* SceneDelegate.swift */; };
		4FD757222AE6E2B100EF48E1 /* Assets.xcassets in Resources */ = {isa = PBXBuildFile; fileRef = 4FD757212AE6E2B100EF48E1 /* Assets.xcassets */; };
		4FD757252AE6E2B100EF48E1 /* LaunchScreen.storyboard in Resources */ = {isa = PBXBuildFile; fileRef = 4FD757232AE6E2B100EF48E1 /* LaunchScreen.storyboard */; };
		4FD7572D2AE6E30700EF48E1 /* OnboardingPresenter.swift in Sources */ = {isa = PBXBuildFile; fileRef = 4FD7572C2AE6E30700EF48E1 /* OnboardingPresenter.swift */; };
		4FD7572F2AE6E33A00EF48E1 /* Coordinator.swift in Sources */ = {isa = PBXBuildFile; fileRef = 4FD7572E2AE6E33A00EF48E1 /* Coordinator.swift */; };
		4FD757312AE6E35600EF48E1 /* NavigationProtocol.swift in Sources */ = {isa = PBXBuildFile; fileRef = 4FD757302AE6E35600EF48E1 /* NavigationProtocol.swift */; };
		4FD757332AE6E53700EF48E1 /* ModuleBuilder.swift in Sources */ = {isa = PBXBuildFile; fileRef = 4FD757322AE6E53700EF48E1 /* ModuleBuilder.swift */; };
		4FD757352AE6E6D200EF48E1 /* OnboardingController.swift in Sources */ = {isa = PBXBuildFile; fileRef = 4FD757342AE6E6D200EF48E1 /* OnboardingController.swift */; };
		4FD7573C2AE6EBFD00EF48E1 /* SnapKit in Frameworks */ = {isa = PBXBuildFile; productRef = 4FD7573B2AE6EBFD00EF48E1 /* SnapKit */; };
		4FD7573E2AE6EBFD00EF48E1 /* SnapKit-Dynamic in Frameworks */ = {isa = PBXBuildFile; productRef = 4FD7573D2AE6EBFD00EF48E1 /* SnapKit-Dynamic */; };
		4FD757402AE6F4EB00EF48E1 /* OnboardingCellTypes.swift in Sources */ = {isa = PBXBuildFile; fileRef = 4FD7573F2AE6F4EB00EF48E1 /* OnboardingCellTypes.swift */; };
		4FD757422AE6F7B100EF48E1 /* OnboardingCell.swift in Sources */ = {isa = PBXBuildFile; fileRef = 4FD757412AE6F7B100EF48E1 /* OnboardingCell.swift */; };
/* End PBXBuildFile section */

/* Begin PBXFileReference section */
		4F3912C22AE93C4B00147925 /* MediaController.swift */ = {isa = PBXFileReference; lastKnownFileType = sourcecode.swift; path = MediaController.swift; sourceTree = "<group>"; };
		4F3912C42AE93C7800147925 /* MediaPresenter.swift */ = {isa = PBXFileReference; lastKnownFileType = sourcecode.swift; path = MediaPresenter.swift; sourceTree = "<group>"; };
		4F3912C82AE96A7700147925 /* HexColor.swift */ = {isa = PBXFileReference; lastKnownFileType = sourcecode.swift; path = HexColor.swift; sourceTree = "<group>"; };
		4F3912CC2AE9705100147925 /* Gilroy-UltraLight.ttf */ = {isa = PBXFileReference; lastKnownFileType = file; path = "Gilroy-UltraLight.ttf"; sourceTree = "<group>"; };
		4F3912CE2AE9706000147925 /* Gilroy-Light.ttf */ = {isa = PBXFileReference; lastKnownFileType = file; path = "Gilroy-Light.ttf"; sourceTree = "<group>"; };
		4F3912CF2AE9706000147925 /* Gilroy-Medium.ttf */ = {isa = PBXFileReference; lastKnownFileType = file; path = "Gilroy-Medium.ttf"; sourceTree = "<group>"; };
		4F3912D02AE9706000147925 /* Gilroy-Heavy.ttf */ = {isa = PBXFileReference; lastKnownFileType = file; path = "Gilroy-Heavy.ttf"; sourceTree = "<group>"; };
		4F3912D12AE9706000147925 /* Gilroy-SemiBold.ttf */ = {isa = PBXFileReference; lastKnownFileType = file; path = "Gilroy-SemiBold.ttf"; sourceTree = "<group>"; };
		4F3912D22AE9706000147925 /* Gilroy-Thin.ttf */ = {isa = PBXFileReference; lastKnownFileType = file; path = "Gilroy-Thin.ttf"; sourceTree = "<group>"; };
		4F3912D32AE9706000147925 /* Gilroy-ExtraBold.ttf */ = {isa = PBXFileReference; lastKnownFileType = file; path = "Gilroy-ExtraBold.ttf"; sourceTree = "<group>"; };
		4F3912D42AE9706000147925 /* Gilroy-Bold.ttf */ = {isa = PBXFileReference; lastKnownFileType = file; path = "Gilroy-Bold.ttf"; sourceTree = "<group>"; };
		4F3912D52AE9706000147925 /* Gilroy-Regular.ttf */ = {isa = PBXFileReference; lastKnownFileType = file; path = "Gilroy-Regular.ttf"; sourceTree = "<group>"; };
		4F3912E72AE9766A00147925 /* Localizable.strings */ = {isa = PBXFileReference; lastKnownFileType = text.plist.strings; path = Localizable.strings; sourceTree = "<group>"; };
		4F85F3D12AE80ADB009A2B46 /* CollectionView.swift */ = {isa = PBXFileReference; lastKnownFileType = sourcecode.swift; path = CollectionView.swift; sourceTree = "<group>"; };
		4F85F3D42AE810D1009A2B46 /* MainController.swift */ = {isa = PBXFileReference; lastKnownFileType = sourcecode.swift; path = MainController.swift; sourceTree = "<group>"; };
		4F85F3D62AE810FA009A2B46 /* MainPresenter.swift */ = {isa = PBXFileReference; lastKnownFileType = sourcecode.swift; path = MainPresenter.swift; sourceTree = "<group>"; };
		4F85F3D92AE813D0009A2B46 /* UserDefaultsManager.swift */ = {isa = PBXFileReference; lastKnownFileType = sourcecode.swift; path = UserDefaultsManager.swift; sourceTree = "<group>"; };
		4F85F3DB2AE8142D009A2B46 /* UserDefaultsKeys.swift */ = {isa = PBXFileReference; lastKnownFileType = sourcecode.swift; path = UserDefaultsKeys.swift; sourceTree = "<group>"; };
		4FD757152AE6E2AF00EF48E1 /* backgroundRemover.app */ = {isa = PBXFileReference; explicitFileType = wrapper.application; includeInIndex = 0; path = backgroundRemover.app; sourceTree = BUILT_PRODUCTS_DIR; };
		4FD757182AE6E2AF00EF48E1 /* AppDelegate.swift */ = {isa = PBXFileReference; lastKnownFileType = sourcecode.swift; path = AppDelegate.swift; sourceTree = "<group>"; };
		4FD7571A2AE6E2AF00EF48E1 /* SceneDelegate.swift */ = {isa = PBXFileReference; lastKnownFileType = sourcecode.swift; path = SceneDelegate.swift; sourceTree = "<group>"; };
		4FD757212AE6E2B100EF48E1 /* Assets.xcassets */ = {isa = PBXFileReference; lastKnownFileType = folder.assetcatalog; path = Assets.xcassets; sourceTree = "<group>"; };
		4FD757242AE6E2B100EF48E1 /* Base */ = {isa = PBXFileReference; lastKnownFileType = file.storyboard; name = Base; path = Base.lproj/LaunchScreen.storyboard; sourceTree = "<group>"; };
		4FD757262AE6E2B100EF48E1 /* Info.plist */ = {isa = PBXFileReference; lastKnownFileType = text.plist.xml; path = Info.plist; sourceTree = "<group>"; };
		4FD7572C2AE6E30700EF48E1 /* OnboardingPresenter.swift */ = {isa = PBXFileReference; lastKnownFileType = sourcecode.swift; path = OnboardingPresenter.swift; sourceTree = "<group>"; };
		4FD7572E2AE6E33A00EF48E1 /* Coordinator.swift */ = {isa = PBXFileReference; lastKnownFileType = sourcecode.swift; path = Coordinator.swift; sourceTree = "<group>"; };
		4FD757302AE6E35600EF48E1 /* NavigationProtocol.swift */ = {isa = PBXFileReference; lastKnownFileType = sourcecode.swift; path = NavigationProtocol.swift; sourceTree = "<group>"; };
		4FD757322AE6E53700EF48E1 /* ModuleBuilder.swift */ = {isa = PBXFileReference; lastKnownFileType = sourcecode.swift; path = ModuleBuilder.swift; sourceTree = "<group>"; };
		4FD757342AE6E6D200EF48E1 /* OnboardingController.swift */ = {isa = PBXFileReference; lastKnownFileType = sourcecode.swift; path = OnboardingController.swift; sourceTree = "<group>"; };
		4FD7573F2AE6F4EB00EF48E1 /* OnboardingCellTypes.swift */ = {isa = PBXFileReference; lastKnownFileType = sourcecode.swift; path = OnboardingCellTypes.swift; sourceTree = "<group>"; };
		4FD757412AE6F7B100EF48E1 /* OnboardingCell.swift */ = {isa = PBXFileReference; lastKnownFileType = sourcecode.swift; path = OnboardingCell.swift; sourceTree = "<group>"; };
/* End PBXFileReference section */

/* Begin PBXFrameworksBuildPhase section */
		4FD757122AE6E2AF00EF48E1 /* Frameworks */ = {
			isa = PBXFrameworksBuildPhase;
			buildActionMask = 2147483647;
			files = (
				4FD7573C2AE6EBFD00EF48E1 /* SnapKit in Frameworks */,
				4FD7573E2AE6EBFD00EF48E1 /* SnapKit-Dynamic in Frameworks */,
				4F3912E12AE9760600147925 /* RswiftLibrary in Frameworks */,
			);
			runOnlyForDeploymentPostprocessing = 0;
		};
/* End PBXFrameworksBuildPhase section */

/* Begin PBXGroup section */
		4F3912C12AE93C3300147925 /* Media */ = {
			isa = PBXGroup;
			children = (
				4F3912C22AE93C4B00147925 /* MediaController.swift */,
				4F3912C42AE93C7800147925 /* MediaPresenter.swift */,
			);
			path = Media;
			sourceTree = "<group>";
		};
		4F3912DE2AE9739F00147925 /* Fonts */ = {
			isa = PBXGroup;
			children = (
				4F3912CC2AE9705100147925 /* Gilroy-UltraLight.ttf */,
				4F3912D42AE9706000147925 /* Gilroy-Bold.ttf */,
				4F3912D32AE9706000147925 /* Gilroy-ExtraBold.ttf */,
				4F3912D02AE9706000147925 /* Gilroy-Heavy.ttf */,
				4F3912CE2AE9706000147925 /* Gilroy-Light.ttf */,
				4F3912CF2AE9706000147925 /* Gilroy-Medium.ttf */,
				4F3912D52AE9706000147925 /* Gilroy-Regular.ttf */,
				4F3912D12AE9706000147925 /* Gilroy-SemiBold.ttf */,
				4F3912D22AE9706000147925 /* Gilroy-Thin.ttf */,
			);
			path = Fonts;
			sourceTree = "<group>";
		};
		4F85F3D02AE80AC6009A2B46 /* Extensions */ = {
			isa = PBXGroup;
			children = (
				4F85F3D12AE80ADB009A2B46 /* CollectionView.swift */,
				4F3912C82AE96A7700147925 /* HexColor.swift */,
			);
			path = Extensions;
			sourceTree = "<group>";
		};
		4F85F3D32AE810BE009A2B46 /* MainFlow */ = {
			isa = PBXGroup;
			children = (
				4F85F3D42AE810D1009A2B46 /* MainController.swift */,
				4F85F3D62AE810FA009A2B46 /* MainPresenter.swift */,
			);
			path = MainFlow;
			sourceTree = "<group>";
		};
		4F85F3D82AE813BE009A2B46 /* UserDefaultsManager */ = {
			isa = PBXGroup;
			children = (
				4F85F3D92AE813D0009A2B46 /* UserDefaultsManager.swift */,
				4F85F3DB2AE8142D009A2B46 /* UserDefaultsKeys.swift */,
			);
			path = UserDefaultsManager;
			sourceTree = "<group>";
		};
		4FD7570C2AE6E2AF00EF48E1 = {
			isa = PBXGroup;
			children = (
				4F3912E72AE9766A00147925 /* Localizable.strings */,
				4FD757172AE6E2AF00EF48E1 /* backgroundRemover */,
				4FD757162AE6E2AF00EF48E1 /* Products */,
			);
			sourceTree = "<group>";
		};
		4FD757162AE6E2AF00EF48E1 /* Products */ = {
			isa = PBXGroup;
			children = (
				4FD757152AE6E2AF00EF48E1 /* backgroundRemover.app */,
			);
			name = Products;
			sourceTree = "<group>";
		};
		4FD757172AE6E2AF00EF48E1 /* backgroundRemover */ = {
			isa = PBXGroup;
			children = (
				4F3912DE2AE9739F00147925 /* Fonts */,
				4F85F3D02AE80AC6009A2B46 /* Extensions */,
				4FD757392AE6E94100EF48E1 /* App */,
				4FD757372AE6E80800EF48E1 /* AppFlow */,
				4FD757362AE6E7F500EF48E1 /* Navigation */,
				4FD757232AE6E2B100EF48E1 /* LaunchScreen.storyboard */,
				4FD757212AE6E2B100EF48E1 /* Assets.xcassets */,
				4FD757262AE6E2B100EF48E1 /* Info.plist */,
			);
			path = backgroundRemover;
			sourceTree = "<group>";
		};
		4FD757362AE6E7F500EF48E1 /* Navigation */ = {
			isa = PBXGroup;
			children = (
				4FD7572E2AE6E33A00EF48E1 /* Coordinator.swift */,
				4FD757302AE6E35600EF48E1 /* NavigationProtocol.swift */,
				4FD757322AE6E53700EF48E1 /* ModuleBuilder.swift */,
			);
			path = Navigation;
			sourceTree = "<group>";
		};
		4FD757372AE6E80800EF48E1 /* AppFlow */ = {
			isa = PBXGroup;
			children = (
				4F3912C12AE93C3300147925 /* Media */,
				4FD757382AE6E81400EF48E1 /* Onboarding */,
				4F85F3D32AE810BE009A2B46 /* MainFlow */,
			);
			path = AppFlow;
			sourceTree = "<group>";
		};
		4FD757382AE6E81400EF48E1 /* Onboarding */ = {
			isa = PBXGroup;
			children = (
				4FD7572C2AE6E30700EF48E1 /* OnboardingPresenter.swift */,
				4FD757342AE6E6D200EF48E1 /* OnboardingController.swift */,
				4FD7573F2AE6F4EB00EF48E1 /* OnboardingCellTypes.swift */,
				4FD757412AE6F7B100EF48E1 /* OnboardingCell.swift */,
			);
			path = Onboarding;
			sourceTree = "<group>";
		};
		4FD757392AE6E94100EF48E1 /* App */ = {
			isa = PBXGroup;
			children = (
				4F85F3D82AE813BE009A2B46 /* UserDefaultsManager */,
				4FD7571A2AE6E2AF00EF48E1 /* SceneDelegate.swift */,
				4FD757182AE6E2AF00EF48E1 /* AppDelegate.swift */,
			);
			path = App;
			sourceTree = "<group>";
		};
/* End PBXGroup section */

/* Begin PBXNativeTarget section */
		4FD757142AE6E2AF00EF48E1 /* backgroundRemover */ = {
			isa = PBXNativeTarget;
			buildConfigurationList = 4FD757292AE6E2B100EF48E1 /* Build configuration list for PBXNativeTarget "backgroundRemover" */;
			buildPhases = (
				4FD757112AE6E2AF00EF48E1 /* Sources */,
				4FD757122AE6E2AF00EF48E1 /* Frameworks */,
				4FD757132AE6E2AF00EF48E1 /* Resources */,
			);
			buildRules = (
			);
			dependencies = (
				4F3912E52AE9763100147925 /* PBXTargetDependency */,
			);
			name = backgroundRemover;
			packageProductDependencies = (
				4FD7573B2AE6EBFD00EF48E1 /* SnapKit */,
				4FD7573D2AE6EBFD00EF48E1 /* SnapKit-Dynamic */,
				4F3912E02AE9760600147925 /* RswiftLibrary */,
			);
			productName = backgroundRemover;
			productReference = 4FD757152AE6E2AF00EF48E1 /* backgroundRemover.app */;
			productType = "com.apple.product-type.application";
		};
/* End PBXNativeTarget section */

/* Begin PBXProject section */
		4FD7570D2AE6E2AF00EF48E1 /* Project object */ = {
			isa = PBXProject;
			attributes = {
				BuildIndependentTargetsInParallel = 1;
				LastSwiftUpdateCheck = 1500;
				LastUpgradeCheck = 1500;
				TargetAttributes = {
					4FD757142AE6E2AF00EF48E1 = {
						CreatedOnToolsVersion = 15.0;
					};
				};
			};
			buildConfigurationList = 4FD757102AE6E2AF00EF48E1 /* Build configuration list for PBXProject "backgroundRemover" */;
			compatibilityVersion = "Xcode 14.0";
			developmentRegion = en;
			hasScannedForEncodings = 0;
			knownRegions = (
				en,
				Base,
			);
			mainGroup = 4FD7570C2AE6E2AF00EF48E1;
			packageReferences = (
				4FD7573A2AE6EBFD00EF48E1 /* XCRemoteSwiftPackageReference "SnapKit" */,
				4F3912DF2AE9760600147925 /* XCRemoteSwiftPackageReference "R" */,
			);
			productRefGroup = 4FD757162AE6E2AF00EF48E1 /* Products */;
			projectDirPath = "";
			projectRoot = "";
			targets = (
				4FD757142AE6E2AF00EF48E1 /* backgroundRemover */,
			);
		};
/* End PBXProject section */

/* Begin PBXResourcesBuildPhase section */
		4FD757132AE6E2AF00EF48E1 /* Resources */ = {
			isa = PBXResourcesBuildPhase;
			buildActionMask = 2147483647;
			files = (
				4F3912DD2AE9706000147925 /* Gilroy-Regular.ttf in Resources */,
				4F3912E82AE9766A00147925 /* Localizable.strings in Resources */,
				4F3912DB2AE9706000147925 /* Gilroy-ExtraBold.ttf in Resources */,
				4F3912D82AE9706000147925 /* Gilroy-Heavy.ttf in Resources */,
				4F3912DA2AE9706000147925 /* Gilroy-Thin.ttf in Resources */,
				4FD757252AE6E2B100EF48E1 /* LaunchScreen.storyboard in Resources */,
				4FD757222AE6E2B100EF48E1 /* Assets.xcassets in Resources */,
				4F3912D72AE9706000147925 /* Gilroy-Medium.ttf in Resources */,
				4F3912D92AE9706000147925 /* Gilroy-SemiBold.ttf in Resources */,
				4F3912DC2AE9706000147925 /* Gilroy-Bold.ttf in Resources */,
				4F3912CD2AE9705100147925 /* Gilroy-UltraLight.ttf in Resources */,
				4F3912D62AE9706000147925 /* Gilroy-Light.ttf in Resources */,
			);
			runOnlyForDeploymentPostprocessing = 0;
		};
/* End PBXResourcesBuildPhase section */

/* Begin PBXSourcesBuildPhase section */
		4FD757112AE6E2AF00EF48E1 /* Sources */ = {
			isa = PBXSourcesBuildPhase;
			buildActionMask = 2147483647;
			files = (
				4F3912C92AE96A7700147925 /* HexColor.swift in Sources */,
				4FD757192AE6E2AF00EF48E1 /* AppDelegate.swift in Sources */,
				4FD7572F2AE6E33A00EF48E1 /* Coordinator.swift in Sources */,
				4FD757312AE6E35600EF48E1 /* NavigationProtocol.swift in Sources */,
				4F85F3DA2AE813D0009A2B46 /* UserDefaultsManager.swift in Sources */,
				4FD757352AE6E6D200EF48E1 /* OnboardingController.swift in Sources */,
				4F3912C52AE93C7800147925 /* MediaPresenter.swift in Sources */,
				4FD757402AE6F4EB00EF48E1 /* OnboardingCellTypes.swift in Sources */,
				4FD757422AE6F7B100EF48E1 /* OnboardingCell.swift in Sources */,
				4F85F3D22AE80ADB009A2B46 /* CollectionView.swift in Sources */,
				4F85F3DC2AE8142D009A2B46 /* UserDefaultsKeys.swift in Sources */,
				4F3912C32AE93C4B00147925 /* MediaController.swift in Sources */,
				4F85F3D72AE810FA009A2B46 /* MainPresenter.swift in Sources */,
				4F85F3D52AE810D1009A2B46 /* MainController.swift in Sources */,
				4FD757332AE6E53700EF48E1 /* ModuleBuilder.swift in Sources */,
				4FD7571B2AE6E2AF00EF48E1 /* SceneDelegate.swift in Sources */,
				4FD7572D2AE6E30700EF48E1 /* OnboardingPresenter.swift in Sources */,
			);
			runOnlyForDeploymentPostprocessing = 0;
		};
/* End PBXSourcesBuildPhase section */

/* Begin PBXTargetDependency section */
		4F3912E52AE9763100147925 /* PBXTargetDependency */ = {
			isa = PBXTargetDependency;
			productRef = 4F3912E42AE9763100147925 /* RswiftGenerateInternalResources */;
		};
/* End PBXTargetDependency section */

/* Begin PBXVariantGroup section */
		4FD757232AE6E2B100EF48E1 /* LaunchScreen.storyboard */ = {
			isa = PBXVariantGroup;
			children = (
				4FD757242AE6E2B100EF48E1 /* Base */,
			);
			name = LaunchScreen.storyboard;
			sourceTree = "<group>";
		};
/* End PBXVariantGroup section */

/* Begin XCBuildConfiguration section */
		4FD757272AE6E2B100EF48E1 /* Debug */ = {
			isa = XCBuildConfiguration;
			buildSettings = {
				ALWAYS_SEARCH_USER_PATHS = NO;
				ASSETCATALOG_COMPILER_GENERATE_SWIFT_ASSET_SYMBOL_EXTENSIONS = YES;
				CLANG_ANALYZER_NONNULL = YES;
				CLANG_ANALYZER_NUMBER_OBJECT_CONVERSION = YES_AGGRESSIVE;
				CLANG_CXX_LANGUAGE_STANDARD = "gnu++20";
				CLANG_ENABLE_MODULES = YES;
				CLANG_ENABLE_OBJC_ARC = YES;
				CLANG_ENABLE_OBJC_WEAK = YES;
				CLANG_WARN_BLOCK_CAPTURE_AUTORELEASING = YES;
				CLANG_WARN_BOOL_CONVERSION = YES;
				CLANG_WARN_COMMA = YES;
				CLANG_WARN_CONSTANT_CONVERSION = YES;
				CLANG_WARN_DEPRECATED_OBJC_IMPLEMENTATIONS = YES;
				CLANG_WARN_DIRECT_OBJC_ISA_USAGE = YES_ERROR;
				CLANG_WARN_DOCUMENTATION_COMMENTS = YES;
				CLANG_WARN_EMPTY_BODY = YES;
				CLANG_WARN_ENUM_CONVERSION = YES;
				CLANG_WARN_INFINITE_RECURSION = YES;
				CLANG_WARN_INT_CONVERSION = YES;
				CLANG_WARN_NON_LITERAL_NULL_CONVERSION = YES;
				CLANG_WARN_OBJC_IMPLICIT_RETAIN_SELF = YES;
				CLANG_WARN_OBJC_LITERAL_CONVERSION = YES;
				CLANG_WARN_OBJC_ROOT_CLASS = YES_ERROR;
				CLANG_WARN_QUOTED_INCLUDE_IN_FRAMEWORK_HEADER = YES;
				CLANG_WARN_RANGE_LOOP_ANALYSIS = YES;
				CLANG_WARN_STRICT_PROTOTYPES = YES;
				CLANG_WARN_SUSPICIOUS_MOVE = YES;
				CLANG_WARN_UNGUARDED_AVAILABILITY = YES_AGGRESSIVE;
				CLANG_WARN_UNREACHABLE_CODE = YES;
				CLANG_WARN__DUPLICATE_METHOD_MATCH = YES;
				COPY_PHASE_STRIP = NO;
				DEBUG_INFORMATION_FORMAT = dwarf;
				ENABLE_STRICT_OBJC_MSGSEND = YES;
				ENABLE_TESTABILITY = YES;
				ENABLE_USER_SCRIPT_SANDBOXING = YES;
				GCC_C_LANGUAGE_STANDARD = gnu17;
				GCC_DYNAMIC_NO_PIC = NO;
				GCC_NO_COMMON_BLOCKS = YES;
				GCC_OPTIMIZATION_LEVEL = 0;
				GCC_PREPROCESSOR_DEFINITIONS = (
					"DEBUG=1",
					"$(inherited)",
				);
				GCC_WARN_64_TO_32_BIT_CONVERSION = YES;
				GCC_WARN_ABOUT_RETURN_TYPE = YES_ERROR;
				GCC_WARN_UNDECLARED_SELECTOR = YES;
				GCC_WARN_UNINITIALIZED_AUTOS = YES_AGGRESSIVE;
				GCC_WARN_UNUSED_FUNCTION = YES;
				GCC_WARN_UNUSED_VARIABLE = YES;
				IPHONEOS_DEPLOYMENT_TARGET = 17.0;
				LOCALIZATION_PREFERS_STRING_CATALOGS = YES;
				MTL_ENABLE_DEBUG_INFO = INCLUDE_SOURCE;
				MTL_FAST_MATH = YES;
				ONLY_ACTIVE_ARCH = YES;
				SDKROOT = iphoneos;
				SWIFT_ACTIVE_COMPILATION_CONDITIONS = "DEBUG $(inherited)";
				SWIFT_OPTIMIZATION_LEVEL = "-Onone";
			};
			name = Debug;
		};
		4FD757282AE6E2B100EF48E1 /* Release */ = {
			isa = XCBuildConfiguration;
			buildSettings = {
				ALWAYS_SEARCH_USER_PATHS = NO;
				ASSETCATALOG_COMPILER_GENERATE_SWIFT_ASSET_SYMBOL_EXTENSIONS = YES;
				CLANG_ANALYZER_NONNULL = YES;
				CLANG_ANALYZER_NUMBER_OBJECT_CONVERSION = YES_AGGRESSIVE;
				CLANG_CXX_LANGUAGE_STANDARD = "gnu++20";
				CLANG_ENABLE_MODULES = YES;
				CLANG_ENABLE_OBJC_ARC = YES;
				CLANG_ENABLE_OBJC_WEAK = YES;
				CLANG_WARN_BLOCK_CAPTURE_AUTORELEASING = YES;
				CLANG_WARN_BOOL_CONVERSION = YES;
				CLANG_WARN_COMMA = YES;
				CLANG_WARN_CONSTANT_CONVERSION = YES;
				CLANG_WARN_DEPRECATED_OBJC_IMPLEMENTATIONS = YES;
				CLANG_WARN_DIRECT_OBJC_ISA_USAGE = YES_ERROR;
				CLANG_WARN_DOCUMENTATION_COMMENTS = YES;
				CLANG_WARN_EMPTY_BODY = YES;
				CLANG_WARN_ENUM_CONVERSION = YES;
				CLANG_WARN_INFINITE_RECURSION = YES;
				CLANG_WARN_INT_CONVERSION = YES;
				CLANG_WARN_NON_LITERAL_NULL_CONVERSION = YES;
				CLANG_WARN_OBJC_IMPLICIT_RETAIN_SELF = YES;
				CLANG_WARN_OBJC_LITERAL_CONVERSION = YES;
				CLANG_WARN_OBJC_ROOT_CLASS = YES_ERROR;
				CLANG_WARN_QUOTED_INCLUDE_IN_FRAMEWORK_HEADER = YES;
				CLANG_WARN_RANGE_LOOP_ANALYSIS = YES;
				CLANG_WARN_STRICT_PROTOTYPES = YES;
				CLANG_WARN_SUSPICIOUS_MOVE = YES;
				CLANG_WARN_UNGUARDED_AVAILABILITY = YES_AGGRESSIVE;
				CLANG_WARN_UNREACHABLE_CODE = YES;
				CLANG_WARN__DUPLICATE_METHOD_MATCH = YES;
				COPY_PHASE_STRIP = NO;
				DEBUG_INFORMATION_FORMAT = "dwarf-with-dsym";
				ENABLE_NS_ASSERTIONS = NO;
				ENABLE_STRICT_OBJC_MSGSEND = YES;
				ENABLE_USER_SCRIPT_SANDBOXING = YES;
				GCC_C_LANGUAGE_STANDARD = gnu17;
				GCC_NO_COMMON_BLOCKS = YES;
				GCC_WARN_64_TO_32_BIT_CONVERSION = YES;
				GCC_WARN_ABOUT_RETURN_TYPE = YES_ERROR;
				GCC_WARN_UNDECLARED_SELECTOR = YES;
				GCC_WARN_UNINITIALIZED_AUTOS = YES_AGGRESSIVE;
				GCC_WARN_UNUSED_FUNCTION = YES;
				GCC_WARN_UNUSED_VARIABLE = YES;
				IPHONEOS_DEPLOYMENT_TARGET = 17.0;
				LOCALIZATION_PREFERS_STRING_CATALOGS = YES;
				MTL_ENABLE_DEBUG_INFO = NO;
				MTL_FAST_MATH = YES;
				SDKROOT = iphoneos;
				SWIFT_COMPILATION_MODE = wholemodule;
				VALIDATE_PRODUCT = YES;
			};
			name = Release;
		};
		4FD7572A2AE6E2B100EF48E1 /* Debug */ = {
			isa = XCBuildConfiguration;
			buildSettings = {
				ASSETCATALOG_COMPILER_APPICON_NAME = AppIcon;
				ASSETCATALOG_COMPILER_GLOBAL_ACCENT_COLOR_NAME = AccentColor;
				CODE_SIGN_STYLE = Automatic;
				CURRENT_PROJECT_VERSION = 1;
				DEVELOPMENT_TEAM = 8QNN7VX268;
				GENERATE_INFOPLIST_FILE = YES;
				INFOPLIST_FILE = backgroundRemover/Info.plist;
				INFOPLIST_KEY_UIApplicationSupportsIndirectInputEvents = YES;
				INFOPLIST_KEY_UILaunchStoryboardName = LaunchScreen;
				INFOPLIST_KEY_UISupportedInterfaceOrientations_iPad = "UIInterfaceOrientationPortrait UIInterfaceOrientationPortraitUpsideDown UIInterfaceOrientationLandscapeLeft UIInterfaceOrientationLandscapeRight";
				INFOPLIST_KEY_UISupportedInterfaceOrientations_iPhone = "UIInterfaceOrientationPortrait UIInterfaceOrientationLandscapeLeft UIInterfaceOrientationLandscapeRight";
				LD_RUNPATH_SEARCH_PATHS = (
					"$(inherited)",
					"@executable_path/Frameworks",
				);
				MARKETING_VERSION = 1.0;
				PRODUCT_BUNDLE_IDENTIFIER = personal.backgroundRemover;
				PRODUCT_NAME = "$(TARGET_NAME)";
				SWIFT_EMIT_LOC_STRINGS = YES;
				SWIFT_VERSION = 5.0;
				TARGETED_DEVICE_FAMILY = "1,2";
			};
			name = Debug;
		};
		4FD7572B2AE6E2B100EF48E1 /* Release */ = {
			isa = XCBuildConfiguration;
			buildSettings = {
				ASSETCATALOG_COMPILER_APPICON_NAME = AppIcon;
				ASSETCATALOG_COMPILER_GLOBAL_ACCENT_COLOR_NAME = AccentColor;
				CODE_SIGN_STYLE = Automatic;
				CURRENT_PROJECT_VERSION = 1;
				DEVELOPMENT_TEAM = 8QNN7VX268;
				GENERATE_INFOPLIST_FILE = YES;
				INFOPLIST_FILE = backgroundRemover/Info.plist;
				INFOPLIST_KEY_UIApplicationSupportsIndirectInputEvents = YES;
				INFOPLIST_KEY_UILaunchStoryboardName = LaunchScreen;
				INFOPLIST_KEY_UISupportedInterfaceOrientations_iPad = "UIInterfaceOrientationPortrait UIInterfaceOrientationPortraitUpsideDown UIInterfaceOrientationLandscapeLeft UIInterfaceOrientationLandscapeRight";
				INFOPLIST_KEY_UISupportedInterfaceOrientations_iPhone = "UIInterfaceOrientationPortrait UIInterfaceOrientationLandscapeLeft UIInterfaceOrientationLandscapeRight";
				LD_RUNPATH_SEARCH_PATHS = (
					"$(inherited)",
					"@executable_path/Frameworks",
				);
				MARKETING_VERSION = 1.0;
				PRODUCT_BUNDLE_IDENTIFIER = personal.backgroundRemover;
				PRODUCT_NAME = "$(TARGET_NAME)";
				SWIFT_EMIT_LOC_STRINGS = YES;
				SWIFT_VERSION = 5.0;
				TARGETED_DEVICE_FAMILY = "1,2";
			};
			name = Release;
		};
/* End XCBuildConfiguration section */

/* Begin XCConfigurationList section */
		4FD757102AE6E2AF00EF48E1 /* Build configuration list for PBXProject "backgroundRemover" */ = {
			isa = XCConfigurationList;
			buildConfigurations = (
				4FD757272AE6E2B100EF48E1 /* Debug */,
				4FD757282AE6E2B100EF48E1 /* Release */,
			);
			defaultConfigurationIsVisible = 0;
			defaultConfigurationName = Release;
		};
		4FD757292AE6E2B100EF48E1 /* Build configuration list for PBXNativeTarget "backgroundRemover" */ = {
			isa = XCConfigurationList;
			buildConfigurations = (
				4FD7572A2AE6E2B100EF48E1 /* Debug */,
				4FD7572B2AE6E2B100EF48E1 /* Release */,
			);
			defaultConfigurationIsVisible = 0;
			defaultConfigurationName = Release;
		};
/* End XCConfigurationList section */

/* Begin XCRemoteSwiftPackageReference section */
		4F3912DF2AE9760600147925 /* XCRemoteSwiftPackageReference "R" */ = {
			isa = XCRemoteSwiftPackageReference;
			repositoryURL = "https://github.com/mac-cain13/R.swift";
			requirement = {
				kind = upToNextMajorVersion;
				minimumVersion = 7.4.0;
			};
		};
		4FD7573A2AE6EBFD00EF48E1 /* XCRemoteSwiftPackageReference "SnapKit" */ = {
			isa = XCRemoteSwiftPackageReference;
			repositoryURL = "https://github.com/SnapKit/SnapKit";
			requirement = {
				kind = upToNextMajorVersion;
				minimumVersion = 5.6.0;
			};
		};
/* End XCRemoteSwiftPackageReference section */

/* Begin XCSwiftPackageProductDependency section */
		4F3912E02AE9760600147925 /* RswiftLibrary */ = {
			isa = XCSwiftPackageProductDependency;
			package = 4F3912DF2AE9760600147925 /* XCRemoteSwiftPackageReference "R" */;
			productName = RswiftLibrary;
		};
		4F3912E42AE9763100147925 /* RswiftGenerateInternalResources */ = {
			isa = XCSwiftPackageProductDependency;
			package = 4F3912DF2AE9760600147925 /* XCRemoteSwiftPackageReference "R" */;
			productName = "plugin:RswiftGenerateInternalResources";
		};
		4FD7573B2AE6EBFD00EF48E1 /* SnapKit */ = {
			isa = XCSwiftPackageProductDependency;
			package = 4FD7573A2AE6EBFD00EF48E1 /* XCRemoteSwiftPackageReference "SnapKit" */;
			productName = SnapKit;
		};
		4FD7573D2AE6EBFD00EF48E1 /* SnapKit-Dynamic */ = {
			isa = XCSwiftPackageProductDependency;
			package = 4FD7573A2AE6EBFD00EF48E1 /* XCRemoteSwiftPackageReference "SnapKit" */;
			productName = "SnapKit-Dynamic";
		};
/* End XCSwiftPackageProductDependency section */
	};
	rootObject = 4FD7570D2AE6E2AF00EF48E1 /* Project object */;
}
